
Microsoft Visual Studio Solution File, Format Version 12.00
# Visual Studio Version 16
VisualStudioVersion = 16.0.31321.278
MinimumVisualStudioVersion = 10.0.40219.1
Project("{2150E333-8FDC-42A3-9474-1A3956D46DE8}") = "Lab0", "Lab0", "{2C3AA2DC-D542-4611-B9EB-495FE503FC48}"
EndProject
Project("{FAE04EC0-301F-11D3-BF4B-00C04F79EFBC}") = "Tyuiu.CherepanovAE.ConsoleApp.Lab0.V0", "Tyuiu.CherepanovAE.ConsoleApp.Lab0.V0\Tyuiu.CherepanovAE.ConsoleApp.Lab0.V0.csproj", "{8DF60C79-7D4F-4799-A2AC-2677CE17C2A4}"
EndProject
Project("{FAE04EC0-301F-11D3-BF4B-00C04F79EFBC}") = "Tyuiu.CherepanovAE.ConsoleApp.Lab0.V0.Lib", "Tyuiu.CherepanovAE.ConsoleApp.Lab0.V0.Lib\Tyuiu.CherepanovAE.ConsoleApp.Lab0.V0.Lib.csproj", "{057833E0-8F84-4A85-AD5F-5AF56C4C8AB9}"
EndProject
Project("{FAE04EC0-301F-11D3-BF4B-00C04F79EFBC}") = "Tyuiu.CherepanovAE.ConsoleApp.Lab0.V0.Test", "Tyuiu.CherepanovAE.ConsoleApp.Lab0.V0.Test\Tyuiu.CherepanovAE.ConsoleApp.Lab0.V0.Test.csproj", "{6436042D-1041-4DA7-89D4-8694610239F5}"
EndProject
Project("{2150E333-8FDC-42A3-9474-1A3956D46DE8}") = "Lab1", "Lab1", "{44A82891-D9BC-49A3-84E0-27598E360300}"
EndProject
Project("{FAE04EC0-301F-11D3-BF4B-00C04F79EFBC}") = "Tyuiu.CherepanovAE.ConsoleApp.Lab1.V1", "Tyuiu.CherepanovAE.ConsoleApp.Lab1.V1\Tyuiu.CherepanovAE.ConsoleApp.Lab1.V1.csproj", "{B1DA8939-DD7B-4981-80B0-8F5B1D2A5468}"
EndProject
Project("{FAE04EC0-301F-11D3-BF4B-00C04F79EFBC}") = "Tyuiu.CherepanovAE.ConsoleApp.Lab1.V1.Lib", "Tyuiu.CherepanovAE.ConsoleApp.Lab1.V1.Lib\Tyuiu.CherepanovAE.ConsoleApp.Lab1.V1.Lib.csproj", "{480939A3-C9D4-4DEA-B25E-C6351CF86166}"
EndProject
Project("{FAE04EC0-301F-11D3-BF4B-00C04F79EFBC}") = "Tyuiu.CherepanovAE.ConsoleApp.Lab1.V1.Test", "Tyuiu.CherepanovAE.ConsoleApp.Lab1.V1.Test\Tyuiu.CherepanovAE.ConsoleApp.Lab1.V1.Test.csproj", "{9AAB57D5-5851-454A-900F-7F1B43D0F07A}"
EndProject
Project("{2150E333-8FDC-42A3-9474-1A3956D46DE8}") = "Lab2", "Lab2", "{E58B7885-014E-449A-92FC-5CBF1CAB533D}"
EndProject
Project("{FAE04EC0-301F-11D3-BF4B-00C04F79EFBC}") = "Tyuiu.CherepanovAE.ConsoleApp.Lab2.V2", "Tyuiu.CherepanovAE.ConsoleApp.Lab2.V2\Tyuiu.CherepanovAE.ConsoleApp.Lab2.V2.csproj", "{5BD1A1B8-F204-495B-962E-79A39A33C91D}"
EndProject
Project("{FAE04EC0-301F-11D3-BF4B-00C04F79EFBC}") = "Tyuiu.CherepanovAE.ConsoleApp.Lab2.V2.Lib", "Tyuiu.CherepanovAE.ConsoleApp.Lab2.V2.Lib\Tyuiu.CherepanovAE.ConsoleApp.Lab2.V2.Lib.csproj", "{7FE7B183-70C4-47F5-BDE1-0EB5604996D3}"
EndProject
Project("{FAE04EC0-301F-11D3-BF4B-00C04F79EFBC}") = "Tyuiu.CherepanovAE.ConsoleApp.Lab2.V2.Test", "Tyuiu.CherepanovAE.ConsoleApp.Lab2.V2.Test\Tyuiu.CherepanovAE.ConsoleApp.Lab2.V2.Test.csproj", "{9C85B929-B56D-410A-B5C6-7DC9F32146CB}"
EndProject
Project("{2150E333-8FDC-42A3-9474-1A3956D46DE8}") = "Lab3", "Lab3", "{DF36A256-BD1F-4C15-9B74-E10DC75CB86B}"
EndProject
Project("{FAE04EC0-301F-11D3-BF4B-00C04F79EFBC}") = "Tyuiu.CherepanovAE.ConsoleApp.Lab3.V2", "Tyuiu.CherepanovAE.ConsoleApp.Lab3.V2\Tyuiu.CherepanovAE.ConsoleApp.Lab3.V2.csproj", "{433F1E06-621B-43D3-9094-18B60670935E}"
EndProject
Project("{FAE04EC0-301F-11D3-BF4B-00C04F79EFBC}") = "Tyuiu.CherepanovAE.ConsoleApp.Lab3.V2.Lib", "Tyuiu.CherepanovAE.ConsoleApp.Lab3.V2.Lib\Tyuiu.CherepanovAE.ConsoleApp.Lab3.V2.Lib.csproj", "{E730DB2C-B064-44A0-A956-CE934497D96F}"
EndProject
Project("{FAE04EC0-301F-11D3-BF4B-00C04F79EFBC}") = "Tyuiu.CherepanovAE.ConsoleApp.Lab3.V2.Test", "Tyuiu.CherepanovAE.ConsoleApp.Lab3.V2.Test\Tyuiu.CherepanovAE.ConsoleApp.Lab3.V2.Test.csproj", "{2E653964-59F4-4E13-8B3B-C37F585902EC}"
EndProject
Project("{2150E333-8FDC-42A3-9474-1A3956D46DE8}") = "Lab4", "Lab4", "{880D817F-AA6E-47E4-878E-7A3FBB86374C}"
EndProject
Project("{FAE04EC0-301F-11D3-BF4B-00C04F79EFBC}") = "Tyuiu.CherepanovAE.ConsoleApp.Lab4.V2", "Tyuiu.CherepanovAE.ConsoleApp.Lab4.V2\Tyuiu.CherepanovAE.ConsoleApp.Lab4.V2.csproj", "{73F20B0A-C68B-4A37-903B-B17880911701}"
EndProject
Project("{FAE04EC0-301F-11D3-BF4B-00C04F79EFBC}") = "Tyuiu.CherepanovAE.ConsoleApp.Lab4.V2.Lib", "Tyuiu.CherepanovAE.ConsoleApp.Lab4.V2.Lib\Tyuiu.CherepanovAE.ConsoleApp.Lab4.V2.Lib.csproj", "{231F37DB-0BFA-451D-97F4-796B430438D8}"
EndProject
Project("{FAE04EC0-301F-11D3-BF4B-00C04F79EFBC}") = "Tyuiu.CherepanovAE.ConsoleApp.Lab4.V2.Test", "Tyuiu.CherepanovAE.ConsoleApp.Lab4.V2.Test\Tyuiu.CherepanovAE.ConsoleApp.Lab4.V2.Test.csproj", "{942B1F72-1AA0-41C1-BEF8-2B3220D4A575}"
EndProject
Project("{2150E333-8FDC-42A3-9474-1A3956D46DE8}") = "Lab5", "Lab5", "{D9A321C9-2B1B-4EEF-9358-1C437D06C635}"
EndProject
Project("{FAE04EC0-301F-11D3-BF4B-00C04F79EFBC}") = "Tyuiu.CherepanovAE.ConsoleApp.Lab5.V2", "Tyuiu.CherepanovAE.ConsoleApp.Lab5.V2\Tyuiu.CherepanovAE.ConsoleApp.Lab5.V2.csproj", "{DD08BBB5-1B09-4180-B0EE-8324E7CFA8D4}"
EndProject
Project("{FAE04EC0-301F-11D3-BF4B-00C04F79EFBC}") = "Tyuiu.CherepanovAE.ConsoleApp.Lab5.V2.Lib", "Tyuiu.CherepanovAE.ConsoleApp.Lab5.V2.Lib\Tyuiu.CherepanovAE.ConsoleApp.Lab5.V2.Lib.csproj", "{6CB889CF-3268-41EC-A016-6D6446C020F0}"
EndProject
Project("{FAE04EC0-301F-11D3-BF4B-00C04F79EFBC}") = "Tyuiu.CherepanovAE.ConsoleApp.Lab5.V2.Test", "Tyuiu.CherepanovAE.ConsoleApp.Lab5.V2.Test\Tyuiu.CherepanovAE.ConsoleApp.Lab5.V2.Test.csproj", "{5C2A1F07-EA4B-41EB-A65E-1A71DE2E73EB}"
EndProject
Project("{2150E333-8FDC-42A3-9474-1A3956D46DE8}") = "Lab6", "Lab6", "{0291360D-6C2A-4A27-8DEA-27A2B8DC2DAA}"
EndProject
Project("{FAE04EC0-301F-11D3-BF4B-00C04F79EFBC}") = "Tyuiu.CherepanovAE.ConsoleApp.Lab6.V2", "Tyuiu.CherepanovAE.ConsoleApp.Lab6.V2\Tyuiu.CherepanovAE.ConsoleApp.Lab6.V2.csproj", "{E64CDFC0-8934-428E-BB63-1E305C6FDBA8}"
EndProject
Project("{FAE04EC0-301F-11D3-BF4B-00C04F79EFBC}") = "Tyuiu.CherepanovAE.ConsoleApp.Lab6.V2.Lib", "Tyuiu.CherepanovAE.ConsoleApp.Lab6.V2.Lib\Tyuiu.CherepanovAE.ConsoleApp.Lab6.V2.Lib.csproj", "{7781DD08-E7B2-440D-AD14-B4811DD2E70B}"
EndProject
Project("{FAE04EC0-301F-11D3-BF4B-00C04F79EFBC}") = "Tyuiu.CherepanovAE.ConsoleApp.Lab6.V2.Test", "Tyuiu.CherepanovAE.ConsoleApp.Lab6.V2.Test\Tyuiu.CherepanovAE.ConsoleApp.Lab6.V2.Test.csproj", "{2FE49730-5992-492E-B975-1B9C4622C962}"
EndProject
Project("{2150E333-8FDC-42A3-9474-1A3956D46DE8}") = "Lab7", "Lab7", "{C919D65A-07CE-436F-B0D7-8B66FCE1A66D}"
EndProject
Project("{FAE04EC0-301F-11D3-BF4B-00C04F79EFBC}") = "Tyuiu.CherepanovAE.ConsoleApp.Lab7.V2", "Tyuiu.CherepanovAE.ConsoleApp.Lab7.V2\Tyuiu.CherepanovAE.ConsoleApp.Lab7.V2.csproj", "{2C763DE0-A6E7-400E-A46A-835A48760B25}"
EndProject
Project("{FAE04EC0-301F-11D3-BF4B-00C04F79EFBC}") = "Tyuiu.CherepanovAE.ConsoleApp.Lab7.V2.Lib", "Tyuiu.CherepanovAE.ConsoleApp.Lab7.V2.Lib\Tyuiu.CherepanovAE.ConsoleApp.Lab7.V2.Lib.csproj", "{D9DF8488-9C1A-4DE9-B8BD-8D17CD23D3B9}"
EndProject
Project("{FAE04EC0-301F-11D3-BF4B-00C04F79EFBC}") = "Tyuiu.CherepanovAE.ConsoleApp.Lab7.V2.Test", "Tyuiu.CherepanovAE.ConsoleApp.Lab7.V2.Test\Tyuiu.CherepanovAE.ConsoleApp.Lab7.V2.Test.csproj", "{F00B4513-B077-43B7-AE8A-9CB9DFE692B6}"
EndProject
Global
	GlobalSection(SolutionConfigurationPlatforms) = preSolution
		Debug|Any CPU = Debug|Any CPU
		Release|Any CPU = Release|Any CPU
	EndGlobalSection
	GlobalSection(ProjectConfigurationPlatforms) = postSolution
		{8DF60C79-7D4F-4799-A2AC-2677CE17C2A4}.Debug|Any CPU.ActiveCfg = Debug|Any CPU
		{8DF60C79-7D4F-4799-A2AC-2677CE17C2A4}.Debug|Any CPU.Build.0 = Debug|Any CPU
		{8DF60C79-7D4F-4799-A2AC-2677CE17C2A4}.Release|Any CPU.ActiveCfg = Release|Any CPU
		{8DF60C79-7D4F-4799-A2AC-2677CE17C2A4}.Release|Any CPU.Build.0 = Release|Any CPU
		{057833E0-8F84-4A85-AD5F-5AF56C4C8AB9}.Debug|Any CPU.ActiveCfg = Debug|Any CPU
		{057833E0-8F84-4A85-AD5F-5AF56C4C8AB9}.Debug|Any CPU.Build.0 = Debug|Any CPU
		{057833E0-8F84-4A85-AD5F-5AF56C4C8AB9}.Release|Any CPU.ActiveCfg = Release|Any CPU
		{057833E0-8F84-4A85-AD5F-5AF56C4C8AB9}.Release|Any CPU.Build.0 = Release|Any CPU
		{6436042D-1041-4DA7-89D4-8694610239F5}.Debug|Any CPU.ActiveCfg = Debug|Any CPU
		{6436042D-1041-4DA7-89D4-8694610239F5}.Debug|Any CPU.Build.0 = Debug|Any CPU
		{6436042D-1041-4DA7-89D4-8694610239F5}.Release|Any CPU.ActiveCfg = Release|Any CPU
		{6436042D-1041-4DA7-89D4-8694610239F5}.Release|Any CPU.Build.0 = Release|Any CPU
		{B1DA8939-DD7B-4981-80B0-8F5B1D2A5468}.Debug|Any CPU.ActiveCfg = Debug|Any CPU
		{B1DA8939-DD7B-4981-80B0-8F5B1D2A5468}.Debug|Any CPU.Build.0 = Debug|Any CPU
		{B1DA8939-DD7B-4981-80B0-8F5B1D2A5468}.Release|Any CPU.ActiveCfg = Release|Any CPU
		{B1DA8939-DD7B-4981-80B0-8F5B1D2A5468}.Release|Any CPU.Build.0 = Release|Any CPU
		{480939A3-C9D4-4DEA-B25E-C6351CF86166}.Debug|Any CPU.ActiveCfg = Debug|Any CPU
		{480939A3-C9D4-4DEA-B25E-C6351CF86166}.Debug|Any CPU.Build.0 = Debug|Any CPU
		{480939A3-C9D4-4DEA-B25E-C6351CF86166}.Release|Any CPU.ActiveCfg = Release|Any CPU
		{480939A3-C9D4-4DEA-B25E-C6351CF86166}.Release|Any CPU.Build.0 = Release|Any CPU
		{9AAB57D5-5851-454A-900F-7F1B43D0F07A}.Debug|Any CPU.ActiveCfg = Debug|Any CPU
		{9AAB57D5-5851-454A-900F-7F1B43D0F07A}.Debug|Any CPU.Build.0 = Debug|Any CPU
		{9AAB57D5-5851-454A-900F-7F1B43D0F07A}.Release|Any CPU.ActiveCfg = Release|Any CPU
		{9AAB57D5-5851-454A-900F-7F1B43D0F07A}.Release|Any CPU.Build.0 = Release|Any CPU
		{5BD1A1B8-F204-495B-962E-79A39A33C91D}.Debug|Any CPU.ActiveCfg = Debug|Any CPU
		{5BD1A1B8-F204-495B-962E-79A39A33C91D}.Debug|Any CPU.Build.0 = Debug|Any CPU
		{5BD1A1B8-F204-495B-962E-79A39A33C91D}.Release|Any CPU.ActiveCfg = Release|Any CPU
		{5BD1A1B8-F204-495B-962E-79A39A33C91D}.Release|Any CPU.Build.0 = Release|Any CPU
		{7FE7B183-70C4-47F5-BDE1-0EB5604996D3}.Debug|Any CPU.ActiveCfg = Debug|Any CPU
		{7FE7B183-70C4-47F5-BDE1-0EB5604996D3}.Debug|Any CPU.Build.0 = Debug|Any CPU
		{7FE7B183-70C4-47F5-BDE1-0EB5604996D3}.Release|Any CPU.ActiveCfg = Release|Any CPU
		{7FE7B183-70C4-47F5-BDE1-0EB5604996D3}.Release|Any CPU.Build.0 = Release|Any CPU
		{9C85B929-B56D-410A-B5C6-7DC9F32146CB}.Debug|Any CPU.ActiveCfg = Debug|Any CPU
		{9C85B929-B56D-410A-B5C6-7DC9F32146CB}.Debug|Any CPU.Build.0 = Debug|Any CPU
		{9C85B929-B56D-410A-B5C6-7DC9F32146CB}.Release|Any CPU.ActiveCfg = Release|Any CPU
		{9C85B929-B56D-410A-B5C6-7DC9F32146CB}.Release|Any CPU.Build.0 = Release|Any CPU
		{433F1E06-621B-43D3-9094-18B60670935E}.Debug|Any CPU.ActiveCfg = Debug|Any CPU
		{433F1E06-621B-43D3-9094-18B60670935E}.Debug|Any CPU.Build.0 = Debug|Any CPU
		{433F1E06-621B-43D3-9094-18B60670935E}.Release|Any CPU.ActiveCfg = Release|Any CPU
		{433F1E06-621B-43D3-9094-18B60670935E}.Release|Any CPU.Build.0 = Release|Any CPU
		{E730DB2C-B064-44A0-A956-CE934497D96F}.Debug|Any CPU.ActiveCfg = Debug|Any CPU
		{E730DB2C-B064-44A0-A956-CE934497D96F}.Debug|Any CPU.Build.0 = Debug|Any CPU
		{E730DB2C-B064-44A0-A956-CE934497D96F}.Release|Any CPU.ActiveCfg = Release|Any CPU
		{E730DB2C-B064-44A0-A956-CE934497D96F}.Release|Any CPU.Build.0 = Release|Any CPU
		{2E653964-59F4-4E13-8B3B-C37F585902EC}.Debug|Any CPU.ActiveCfg = Debug|Any CPU
		{2E653964-59F4-4E13-8B3B-C37F585902EC}.Debug|Any CPU.Build.0 = Debug|Any CPU
		{2E653964-59F4-4E13-8B3B-C37F585902EC}.Release|Any CPU.ActiveCfg = Release|Any CPU
		{2E653964-59F4-4E13-8B3B-C37F585902EC}.Release|Any CPU.Build.0 = Release|Any CPU
		{73F20B0A-C68B-4A37-903B-B17880911701}.Debug|Any CPU.ActiveCfg = Debug|Any CPU
		{73F20B0A-C68B-4A37-903B-B17880911701}.Debug|Any CPU.Build.0 = Debug|Any CPU
		{73F20B0A-C68B-4A37-903B-B17880911701}.Release|Any CPU.ActiveCfg = Release|Any CPU
		{73F20B0A-C68B-4A37-903B-B17880911701}.Release|Any CPU.Build.0 = Release|Any CPU
		{231F37DB-0BFA-451D-97F4-796B430438D8}.Debug|Any CPU.ActiveCfg = Debug|Any CPU
		{231F37DB-0BFA-451D-97F4-796B430438D8}.Debug|Any CPU.Build.0 = Debug|Any CPU
		{231F37DB-0BFA-451D-97F4-796B430438D8}.Release|Any CPU.ActiveCfg = Release|Any CPU
		{231F37DB-0BFA-451D-97F4-796B430438D8}.Release|Any CPU.Build.0 = Release|Any CPU
		{942B1F72-1AA0-41C1-BEF8-2B3220D4A575}.Debug|Any CPU.ActiveCfg = Debug|Any CPU
		{942B1F72-1AA0-41C1-BEF8-2B3220D4A575}.Debug|Any CPU.Build.0 = Debug|Any CPU
		{942B1F72-1AA0-41C1-BEF8-2B3220D4A575}.Release|Any CPU.ActiveCfg = Release|Any CPU
		{942B1F72-1AA0-41C1-BEF8-2B3220D4A575}.Release|Any CPU.Build.0 = Release|Any CPU
		{DD08BBB5-1B09-4180-B0EE-8324E7CFA8D4}.Debug|Any CPU.ActiveCfg = Debug|Any CPU
		{DD08BBB5-1B09-4180-B0EE-8324E7CFA8D4}.Debug|Any CPU.Build.0 = Debug|Any CPU
		{DD08BBB5-1B09-4180-B0EE-8324E7CFA8D4}.Release|Any CPU.ActiveCfg = Release|Any CPU
		{DD08BBB5-1B09-4180-B0EE-8324E7CFA8D4}.Release|Any CPU.Build.0 = Release|Any CPU
		{6CB889CF-3268-41EC-A016-6D6446C020F0}.Debug|Any CPU.ActiveCfg = Debug|Any CPU
		{6CB889CF-3268-41EC-A016-6D6446C020F0}.Debug|Any CPU.Build.0 = Debug|Any CPU
		{6CB889CF-3268-41EC-A016-6D6446C020F0}.Release|Any CPU.ActiveCfg = Release|Any CPU
		{6CB889CF-3268-41EC-A016-6D6446C020F0}.Release|Any CPU.Build.0 = Release|Any CPU
		{5C2A1F07-EA4B-41EB-A65E-1A71DE2E73EB}.Debug|Any CPU.ActiveCfg = Debug|Any CPU
		{5C2A1F07-EA4B-41EB-A65E-1A71DE2E73EB}.Debug|Any CPU.Build.0 = Debug|Any CPU
		{5C2A1F07-EA4B-41EB-A65E-1A71DE2E73EB}.Release|Any CPU.ActiveCfg = Release|Any CPU
		{5C2A1F07-EA4B-41EB-A65E-1A71DE2E73EB}.Release|Any CPU.Build.0 = Release|Any CPU
		{E64CDFC0-8934-428E-BB63-1E305C6FDBA8}.Debug|Any CPU.ActiveCfg = Debug|Any CPU
		{E64CDFC0-8934-428E-BB63-1E305C6FDBA8}.Debug|Any CPU.Build.0 = Debug|Any CPU
		{E64CDFC0-8934-428E-BB63-1E305C6FDBA8}.Release|Any CPU.ActiveCfg = Release|Any CPU
		{E64CDFC0-8934-428E-BB63-1E305C6FDBA8}.Release|Any CPU.Build.0 = Release|Any CPU
		{7781DD08-E7B2-440D-AD14-B4811DD2E70B}.Debug|Any CPU.ActiveCfg = Debug|Any CPU
		{7781DD08-E7B2-440D-AD14-B4811DD2E70B}.Debug|Any CPU.Build.0 = Debug|Any CPU
		{7781DD08-E7B2-440D-AD14-B4811DD2E70B}.Release|Any CPU.ActiveCfg = Release|Any CPU
		{7781DD08-E7B2-440D-AD14-B4811DD2E70B}.Release|Any CPU.Build.0 = Release|Any CPU
		{2FE49730-5992-492E-B975-1B9C4622C962}.Debug|Any CPU.ActiveCfg = Debug|Any CPU
		{2FE49730-5992-492E-B975-1B9C4622C962}.Debug|Any CPU.Build.0 = Debug|Any CPU
		{2FE49730-5992-492E-B975-1B9C4622C962}.Release|Any CPU.ActiveCfg = Release|Any CPU
		{2FE49730-5992-492E-B975-1B9C4622C962}.Release|Any CPU.Build.0 = Release|Any CPU
		{2C763DE0-A6E7-400E-A46A-835A48760B25}.Debug|Any CPU.ActiveCfg = Debug|Any CPU
		{2C763DE0-A6E7-400E-A46A-835A48760B25}.Debug|Any CPU.Build.0 = Debug|Any CPU
		{2C763DE0-A6E7-400E-A46A-835A48760B25}.Release|Any CPU.ActiveCfg = Release|Any CPU
		{2C763DE0-A6E7-400E-A46A-835A48760B25}.Release|Any CPU.Build.0 = Release|Any CPU
		{D9DF8488-9C1A-4DE9-B8BD-8D17CD23D3B9}.Debug|Any CPU.ActiveCfg = Debug|Any CPU
		{D9DF8488-9C1A-4DE9-B8BD-8D17CD23D3B9}.Debug|Any CPU.Build.0 = Debug|Any CPU
		{D9DF8488-9C1A-4DE9-B8BD-8D17CD23D3B9}.Release|Any CPU.ActiveCfg = Release|Any CPU
		{D9DF8488-9C1A-4DE9-B8BD-8D17CD23D3B9}.Release|Any CPU.Build.0 = Release|Any CPU
		{F00B4513-B077-43B7-AE8A-9CB9DFE692B6}.Debug|Any CPU.ActiveCfg = Debug|Any CPU
		{F00B4513-B077-43B7-AE8A-9CB9DFE692B6}.Debug|Any CPU.Build.0 = Debug|Any CPU
		{F00B4513-B077-43B7-AE8A-9CB9DFE692B6}.Release|Any CPU.ActiveCfg = Release|Any CPU
		{F00B4513-B077-43B7-AE8A-9CB9DFE692B6}.Release|Any CPU.Build.0 = Release|Any CPU
	EndGlobalSection
	GlobalSection(SolutionProperties) = preSolution
		HideSolutionNode = FALSE
	EndGlobalSection
	GlobalSection(NestedProjects) = preSolution
		{8DF60C79-7D4F-4799-A2AC-2677CE17C2A4} = {2C3AA2DC-D542-4611-B9EB-495FE503FC48}
		{057833E0-8F84-4A85-AD5F-5AF56C4C8AB9} = {2C3AA2DC-D542-4611-B9EB-495FE503FC48}
		{6436042D-1041-4DA7-89D4-8694610239F5} = {2C3AA2DC-D542-4611-B9EB-495FE503FC48}
		{B1DA8939-DD7B-4981-80B0-8F5B1D2A5468} = {44A82891-D9BC-49A3-84E0-27598E360300}
		{480939A3-C9D4-4DEA-B25E-C6351CF86166} = {44A82891-D9BC-49A3-84E0-27598E360300}
		{9AAB57D5-5851-454A-900F-7F1B43D0F07A} = {44A82891-D9BC-49A3-84E0-27598E360300}
		{5BD1A1B8-F204-495B-962E-79A39A33C91D} = {E58B7885-014E-449A-92FC-5CBF1CAB533D}
		{7FE7B183-70C4-47F5-BDE1-0EB5604996D3} = {E58B7885-014E-449A-92FC-5CBF1CAB533D}
		{9C85B929-B56D-410A-B5C6-7DC9F32146CB} = {E58B7885-014E-449A-92FC-5CBF1CAB533D}
		{433F1E06-621B-43D3-9094-18B60670935E} = {DF36A256-BD1F-4C15-9B74-E10DC75CB86B}
		{E730DB2C-B064-44A0-A956-CE934497D96F} = {DF36A256-BD1F-4C15-9B74-E10DC75CB86B}
		{2E653964-59F4-4E13-8B3B-C37F585902EC} = {DF36A256-BD1F-4C15-9B74-E10DC75CB86B}
		{73F20B0A-C68B-4A37-903B-B17880911701} = {880D817F-AA6E-47E4-878E-7A3FBB86374C}
		{231F37DB-0BFA-451D-97F4-796B430438D8} = {880D817F-AA6E-47E4-878E-7A3FBB86374C}
		{942B1F72-1AA0-41C1-BEF8-2B3220D4A575} = {880D817F-AA6E-47E4-878E-7A3FBB86374C}
		{DD08BBB5-1B09-4180-B0EE-8324E7CFA8D4} = {D9A321C9-2B1B-4EEF-9358-1C437D06C635}
		{6CB889CF-3268-41EC-A016-6D6446C020F0} = {D9A321C9-2B1B-4EEF-9358-1C437D06C635}
		{5C2A1F07-EA4B-41EB-A65E-1A71DE2E73EB} = {D9A321C9-2B1B-4EEF-9358-1C437D06C635}
		{E64CDFC0-8934-428E-BB63-1E305C6FDBA8} = {0291360D-6C2A-4A27-8DEA-27A2B8DC2DAA}
		{7781DD08-E7B2-440D-AD14-B4811DD2E70B} = {0291360D-6C2A-4A27-8DEA-27A2B8DC2DAA}
		{2FE49730-5992-492E-B975-1B9C4622C962} = {0291360D-6C2A-4A27-8DEA-27A2B8DC2DAA}
		{2C763DE0-A6E7-400E-A46A-835A48760B25} = {C919D65A-07CE-436F-B0D7-8B66FCE1A66D}
		{D9DF8488-9C1A-4DE9-B8BD-8D17CD23D3B9} = {C919D65A-07CE-436F-B0D7-8B66FCE1A66D}
		{F00B4513-B077-43B7-AE8A-9CB9DFE692B6} = {C919D65A-07CE-436F-B0D7-8B66FCE1A66D}
	EndGlobalSection
	GlobalSection(ExtensibilityGlobals) = postSolution
		SolutionGuid = {5CFAC10D-F4F6-4667-B07F-2812635BAD7C}
	EndGlobalSection
EndGlobal
